// !$*UTF8*$!
{
	archiveVersion = 1;
	classes = {
	};
	objectVersion = 55;
	objects = {

/* Begin PBXBuildFile section */
		4E3A7C0B28CECBAC000A5F9D /* Alamofire in Frameworks */ = {isa = PBXBuildFile; productRef = 4E3A7C0A28CECBAC000A5F9D /* Alamofire */; };
		4E3A7C0D28CECBD8000A5F9D /* SceneDelegate.swift in Sources */ = {isa = PBXBuildFile; fileRef = 4E3A7C0C28CECBD7000A5F9D /* SceneDelegate.swift */; };
		4E3A7C0F28CED213000A5F9D /* UserTableViewCell.xib in Resources */ = {isa = PBXBuildFile; fileRef = 4E3A7C0E28CED213000A5F9D /* UserTableViewCell.xib */; };
		4E3A7C1128CEF6E3000A5F9D /* UserTableViewCell.swift in Sources */ = {isa = PBXBuildFile; fileRef = 4E3A7C1028CEF6E3000A5F9D /* UserTableViewCell.swift */; };
		4E3A7C1428CEF7DA000A5F9D /* ViewExtension.swift in Sources */ = {isa = PBXBuildFile; fileRef = 4E3A7C1328CEF7DA000A5F9D /* ViewExtension.swift */; };
		4E4DBB2C28CF8AA20098F014 /* TableViewExtension.swift in Sources */ = {isa = PBXBuildFile; fileRef = 4E4DBB2B28CF8AA20098F014 /* TableViewExtension.swift */; };
		4E4DBB2E28CF95BA0098F014 /* LiveData.swift in Sources */ = {isa = PBXBuildFile; fileRef = 4E4DBB2D28CF95BA0098F014 /* LiveData.swift */; };
		4E8C83D728CE92AE00896290 /* Alamofire in Frameworks */ = {isa = PBXBuildFile; productRef = 4E8C83D628CE92AE00896290 /* Alamofire */; };
		4E8C83D928CE932D00896290 /* UserModel.swift in Sources */ = {isa = PBXBuildFile; fileRef = 4E8C83D828CE932D00896290 /* UserModel.swift */; };
		4E8C83DB28CE935D00896290 /* AddressModel.swift in Sources */ = {isa = PBXBuildFile; fileRef = 4E8C83DA28CE935D00896290 /* AddressModel.swift */; };
		4E8C83DD28CE937B00896290 /* GeoModel.swift in Sources */ = {isa = PBXBuildFile; fileRef = 4E8C83DC28CE937B00896290 /* GeoModel.swift */; };
		4E8C83E028CE93A500896290 /* CompanyModel.swift in Sources */ = {isa = PBXBuildFile; fileRef = 4E8C83DF28CE93A500896290 /* CompanyModel.swift */; };
		4E8C83E328CE93FF00896290 /* PostModel.swift in Sources */ = {isa = PBXBuildFile; fileRef = 4E8C83E228CE93FF00896290 /* PostModel.swift */; };
		4E8C83EC28CEA57E00896290 /* UserService.swift in Sources */ = {isa = PBXBuildFile; fileRef = 4E8C83EB28CEA57E00896290 /* UserService.swift */; };
		4E8C83F028CEBEE000896290 /* UserParser.swift in Sources */ = {isa = PBXBuildFile; fileRef = 4E8C83EF28CEBEE000896290 /* UserParser.swift */; };
		4E8C83F428CEC1C800896290 /* UserViewModel.swift in Sources */ = {isa = PBXBuildFile; fileRef = 4E8C83F328CEC1C800896290 /* UserViewModel.swift */; };
		4EBF566E28CE85E500FA0434 /* AppDelegate.swift in Sources */ = {isa = PBXBuildFile; fileRef = 4EBF566D28CE85E500FA0434 /* AppDelegate.swift */; };
		4EBF567228CE85E500FA0434 /* ViewController.swift in Sources */ = {isa = PBXBuildFile; fileRef = 4EBF567128CE85E500FA0434 /* ViewController.swift */; };
		4EBF567528CE85E500FA0434 /* Main.storyboard in Resources */ = {isa = PBXBuildFile; fileRef = 4EBF567328CE85E500FA0434 /* Main.storyboard */; };
		4EBF567828CE85E500FA0434 /* userTest.xcdatamodeld in Sources */ = {isa = PBXBuildFile; fileRef = 4EBF567628CE85E500FA0434 /* userTest.xcdatamodeld */; };
		4EBF567A28CE85E600FA0434 /* Assets.xcassets in Resources */ = {isa = PBXBuildFile; fileRef = 4EBF567928CE85E600FA0434 /* Assets.xcassets */; };
		4EBF567D28CE85E600FA0434 /* LaunchScreen.storyboard in Resources */ = {isa = PBXBuildFile; fileRef = 4EBF567B28CE85E600FA0434 /* LaunchScreen.storyboard */; };
		4EBF568828CE85E600FA0434 /* userTestTests.swift in Sources */ = {isa = PBXBuildFile; fileRef = 4EBF568728CE85E600FA0434 /* userTestTests.swift */; };
		4EBF569228CE85E600FA0434 /* userTestUITests.swift in Sources */ = {isa = PBXBuildFile; fileRef = 4EBF569128CE85E600FA0434 /* userTestUITests.swift */; };
		4EBF569428CE85E600FA0434 /* userTestUITestsLaunchTests.swift in Sources */ = {isa = PBXBuildFile; fileRef = 4EBF569328CE85E600FA0434 /* userTestUITestsLaunchTests.swift */; };
		4EBF56A228CE879100FA0434 /* DataBaseManager.swift in Sources */ = {isa = PBXBuildFile; fileRef = 4EBF56A128CE879100FA0434 /* DataBaseManager.swift */; };
		4EBF56AC28CE896000FA0434 /* ManagedObjectExtension.swift in Sources */ = {isa = PBXBuildFile; fileRef = 4EBF56AB28CE896000FA0434 /* ManagedObjectExtension.swift */; };
		4EBF56C028CE8E8700FA0434 /* ServiceManager.swift in Sources */ = {isa = PBXBuildFile; fileRef = 4EBF56BF28CE8E8700FA0434 /* ServiceManager.swift */; };
		4EBF56C228CE8E9800FA0434 /* BaseService.swift in Sources */ = {isa = PBXBuildFile; fileRef = 4EBF56C128CE8E9800FA0434 /* BaseService.swift */; };
/* End PBXBuildFile section */

/* Begin PBXContainerItemProxy section */
		4EBF568428CE85E600FA0434 /* PBXContainerItemProxy */ = {
			isa = PBXContainerItemProxy;
			containerPortal = 4EBF566228CE85E500FA0434 /* Project object */;
			proxyType = 1;
			remoteGlobalIDString = 4EBF566928CE85E500FA0434;
			remoteInfo = userTest;
		};
		4EBF568E28CE85E600FA0434 /* PBXContainerItemProxy */ = {
			isa = PBXContainerItemProxy;
			containerPortal = 4EBF566228CE85E500FA0434 /* Project object */;
			proxyType = 1;
			remoteGlobalIDString = 4EBF566928CE85E500FA0434;
			remoteInfo = userTest;
		};
/* End PBXContainerItemProxy section */

/* Begin PBXFileReference section */
		4E3A7C0C28CECBD7000A5F9D /* SceneDelegate.swift */ = {isa = PBXFileReference; fileEncoding = 4; lastKnownFileType = sourcecode.swift; path = SceneDelegate.swift; sourceTree = "<group>"; };
		4E3A7C0E28CED213000A5F9D /* UserTableViewCell.xib */ = {isa = PBXFileReference; lastKnownFileType = file.xib; path = UserTableViewCell.xib; sourceTree = "<group>"; };
		4E3A7C1028CEF6E3000A5F9D /* UserTableViewCell.swift */ = {isa = PBXFileReference; lastKnownFileType = sourcecode.swift; path = UserTableViewCell.swift; sourceTree = "<group>"; };
		4E3A7C1328CEF7DA000A5F9D /* ViewExtension.swift */ = {isa = PBXFileReference; lastKnownFileType = sourcecode.swift; path = ViewExtension.swift; sourceTree = "<group>"; };
		4E4DBB2B28CF8AA20098F014 /* TableViewExtension.swift */ = {isa = PBXFileReference; lastKnownFileType = sourcecode.swift; path = TableViewExtension.swift; sourceTree = "<group>"; };
		4E4DBB2D28CF95BA0098F014 /* LiveData.swift */ = {isa = PBXFileReference; lastKnownFileType = sourcecode.swift; path = LiveData.swift; sourceTree = "<group>"; };
		4E8C83D828CE932D00896290 /* UserModel.swift */ = {isa = PBXFileReference; lastKnownFileType = sourcecode.swift; path = UserModel.swift; sourceTree = "<group>"; };
		4E8C83DA28CE935D00896290 /* AddressModel.swift */ = {isa = PBXFileReference; lastKnownFileType = sourcecode.swift; path = AddressModel.swift; sourceTree = "<group>"; };
		4E8C83DC28CE937B00896290 /* GeoModel.swift */ = {isa = PBXFileReference; lastKnownFileType = sourcecode.swift; path = GeoModel.swift; sourceTree = "<group>"; };
		4E8C83DF28CE93A500896290 /* CompanyModel.swift */ = {isa = PBXFileReference; lastKnownFileType = sourcecode.swift; path = CompanyModel.swift; sourceTree = "<group>"; };
		4E8C83E228CE93FF00896290 /* PostModel.swift */ = {isa = PBXFileReference; lastKnownFileType = sourcecode.swift; path = PostModel.swift; sourceTree = "<group>"; };
		4E8C83EB28CEA57E00896290 /* UserService.swift */ = {isa = PBXFileReference; lastKnownFileType = sourcecode.swift; path = UserService.swift; sourceTree = "<group>"; wrapsLines = 0; };
		4E8C83EF28CEBEE000896290 /* UserParser.swift */ = {isa = PBXFileReference; lastKnownFileType = sourcecode.swift; path = UserParser.swift; sourceTree = "<group>"; };
		4E8C83F328CEC1C800896290 /* UserViewModel.swift */ = {isa = PBXFileReference; lastKnownFileType = sourcecode.swift; path = UserViewModel.swift; sourceTree = "<group>"; };
		4EBF566A28CE85E500FA0434 /* userTest.app */ = {isa = PBXFileReference; explicitFileType = wrapper.application; includeInIndex = 0; path = userTest.app; sourceTree = BUILT_PRODUCTS_DIR; };
		4EBF566D28CE85E500FA0434 /* AppDelegate.swift */ = {isa = PBXFileReference; lastKnownFileType = sourcecode.swift; path = AppDelegate.swift; sourceTree = "<group>"; };
		4EBF567128CE85E500FA0434 /* ViewController.swift */ = {isa = PBXFileReference; lastKnownFileType = sourcecode.swift; path = ViewController.swift; sourceTree = "<group>"; };
		4EBF567428CE85E500FA0434 /* Base */ = {isa = PBXFileReference; lastKnownFileType = file.storyboard; name = Base; path = Base.lproj/Main.storyboard; sourceTree = "<group>"; };
		4EBF567728CE85E500FA0434 /* userTest.xcdatamodel */ = {isa = PBXFileReference; lastKnownFileType = wrapper.xcdatamodel; path = userTest.xcdatamodel; sourceTree = "<group>"; };
		4EBF567928CE85E600FA0434 /* Assets.xcassets */ = {isa = PBXFileReference; lastKnownFileType = folder.assetcatalog; path = Assets.xcassets; sourceTree = "<group>"; };
		4EBF567C28CE85E600FA0434 /* Base */ = {isa = PBXFileReference; lastKnownFileType = file.storyboard; name = Base; path = Base.lproj/LaunchScreen.storyboard; sourceTree = "<group>"; };
		4EBF567E28CE85E600FA0434 /* Info.plist */ = {isa = PBXFileReference; lastKnownFileType = text.plist.xml; path = Info.plist; sourceTree = "<group>"; };
		4EBF568328CE85E600FA0434 /* userTestTests.xctest */ = {isa = PBXFileReference; explicitFileType = wrapper.cfbundle; includeInIndex = 0; path = userTestTests.xctest; sourceTree = BUILT_PRODUCTS_DIR; };
		4EBF568728CE85E600FA0434 /* userTestTests.swift */ = {isa = PBXFileReference; lastKnownFileType = sourcecode.swift; path = userTestTests.swift; sourceTree = "<group>"; };
		4EBF568D28CE85E600FA0434 /* userTestUITests.xctest */ = {isa = PBXFileReference; explicitFileType = wrapper.cfbundle; includeInIndex = 0; path = userTestUITests.xctest; sourceTree = BUILT_PRODUCTS_DIR; };
		4EBF569128CE85E600FA0434 /* userTestUITests.swift */ = {isa = PBXFileReference; lastKnownFileType = sourcecode.swift; path = userTestUITests.swift; sourceTree = "<group>"; };
		4EBF569328CE85E600FA0434 /* userTestUITestsLaunchTests.swift */ = {isa = PBXFileReference; lastKnownFileType = sourcecode.swift; path = userTestUITestsLaunchTests.swift; sourceTree = "<group>"; };
		4EBF56A128CE879100FA0434 /* DataBaseManager.swift */ = {isa = PBXFileReference; lastKnownFileType = sourcecode.swift; path = DataBaseManager.swift; sourceTree = "<group>"; };
		4EBF56AB28CE896000FA0434 /* ManagedObjectExtension.swift */ = {isa = PBXFileReference; lastKnownFileType = sourcecode.swift; path = ManagedObjectExtension.swift; sourceTree = "<group>"; };
		4EBF56BF28CE8E8700FA0434 /* ServiceManager.swift */ = {isa = PBXFileReference; lastKnownFileType = sourcecode.swift; path = ServiceManager.swift; sourceTree = "<group>"; };
		4EBF56C128CE8E9800FA0434 /* BaseService.swift */ = {isa = PBXFileReference; lastKnownFileType = sourcecode.swift; path = BaseService.swift; sourceTree = "<group>"; };
/* End PBXFileReference section */

/* Begin PBXFrameworksBuildPhase section */
		4EBF566728CE85E500FA0434 /* Frameworks */ = {
			isa = PBXFrameworksBuildPhase;
			buildActionMask = 2147483647;
			files = (
				4E8C83D728CE92AE00896290 /* Alamofire in Frameworks */,
				4E3A7C0B28CECBAC000A5F9D /* Alamofire in Frameworks */,
			);
			runOnlyForDeploymentPostprocessing = 0;
		};
		4EBF568028CE85E600FA0434 /* Frameworks */ = {
			isa = PBXFrameworksBuildPhase;
			buildActionMask = 2147483647;
			files = (
			);
			runOnlyForDeploymentPostprocessing = 0;
		};
		4EBF568A28CE85E600FA0434 /* Frameworks */ = {
			isa = PBXFrameworksBuildPhase;
			buildActionMask = 2147483647;
			files = (
			);
			runOnlyForDeploymentPostprocessing = 0;
		};
/* End PBXFrameworksBuildPhase section */

/* Begin PBXGroup section */
		4E3A7C1228CEF7CE000A5F9D /* Views */ = {
			isa = PBXGroup;
			children = (
				4E3A7C1328CEF7DA000A5F9D /* ViewExtension.swift */,
				4E4DBB2B28CF8AA20098F014 /* TableViewExtension.swift */,
			);
			path = Views;
			sourceTree = "<group>";
		};
		4EBF566128CE85E500FA0434 = {
			isa = PBXGroup;
			children = (
				4EBF566C28CE85E500FA0434 /* userTest */,
				4EBF568628CE85E600FA0434 /* userTestTests */,
				4EBF569028CE85E600FA0434 /* userTestUITests */,
				4EBF566B28CE85E500FA0434 /* Products */,
			);
			sourceTree = "<group>";
		};
		4EBF566B28CE85E500FA0434 /* Products */ = {
			isa = PBXGroup;
			children = (
				4EBF566A28CE85E500FA0434 /* userTest.app */,
				4EBF568328CE85E600FA0434 /* userTestTests.xctest */,
				4EBF568D28CE85E600FA0434 /* userTestUITests.xctest */,
			);
			name = Products;
			sourceTree = "<group>";
		};
		4EBF566C28CE85E500FA0434 /* userTest */ = {
			isa = PBXGroup;
			children = (
				4EBF56BC28CE8E2E00FA0434 /* Models */,
				4EBF56BA28CE8DAA00FA0434 /* Services */,
				4EBF56B928CE8CE100FA0434 /* Base */,
				4EBF56B828CE8B6600FA0434 /* Resources */,
				4EBF56AD28CE898800FA0434 /* Modules */,
				4EBF56A828CE892600FA0434 /* Utils */,
				4EBF56A028CE871200FA0434 /* DataBase */,
				4EBF567328CE85E500FA0434 /* Main.storyboard */,
				4EBF567B28CE85E600FA0434 /* LaunchScreen.storyboard */,
				4EBF567628CE85E500FA0434 /* userTest.xcdatamodeld */,
			);
			path = userTest;
			sourceTree = "<group>";
		};
		4EBF568628CE85E600FA0434 /* userTestTests */ = {
			isa = PBXGroup;
			children = (
				4EBF568728CE85E600FA0434 /* userTestTests.swift */,
			);
			path = userTestTests;
			sourceTree = "<group>";
		};
		4EBF569028CE85E600FA0434 /* userTestUITests */ = {
			isa = PBXGroup;
			children = (
				4EBF569128CE85E600FA0434 /* userTestUITests.swift */,
				4EBF569328CE85E600FA0434 /* userTestUITestsLaunchTests.swift */,
			);
			path = userTestUITests;
			sourceTree = "<group>";
		};
		4EBF56A028CE871200FA0434 /* DataBase */ = {
			isa = PBXGroup;
			children = (
				4EBF56A128CE879100FA0434 /* DataBaseManager.swift */,
			);
			path = DataBase;
			sourceTree = "<group>";
		};
		4EBF56A828CE892600FA0434 /* Utils */ = {
			isa = PBXGroup;
			children = (
				4EBF56A928CE893300FA0434 /* Extensions */,
				4E4DBB2D28CF95BA0098F014 /* LiveData.swift */,
			);
			path = Utils;
			sourceTree = "<group>";
		};
		4EBF56A928CE893300FA0434 /* Extensions */ = {
			isa = PBXGroup;
			children = (
				4E3A7C1228CEF7CE000A5F9D /* Views */,
				4EBF56AA28CE894200FA0434 /* ManagedObjectExtension */,
			);
			path = Extensions;
			sourceTree = "<group>";
		};
		4EBF56AA28CE894200FA0434 /* ManagedObjectExtension */ = {
			isa = PBXGroup;
			children = (
				4EBF56AB28CE896000FA0434 /* ManagedObjectExtension.swift */,
			);
			path = ManagedObjectExtension;
			sourceTree = "<group>";
		};
		4EBF56AD28CE898800FA0434 /* Modules */ = {
			isa = PBXGroup;
			children = (
				4EBF56AF28CE899B00FA0434 /* Posts */,
				4EBF56AE28CE898D00FA0434 /* UserList */,
			);
			path = Modules;
			sourceTree = "<group>";
		};
		4EBF56AE28CE898D00FA0434 /* UserList */ = {
			isa = PBXGroup;
			children = (
				4EBF56B528CE89E100FA0434 /* View */,
				4EBF56B428CE89DB00FA0434 /* ViewModel */,
			);
			path = UserList;
			sourceTree = "<group>";
		};
		4EBF56AF28CE899B00FA0434 /* Posts */ = {
			isa = PBXGroup;
			children = (
				4EBF56B228CE89CE00FA0434 /* View */,
				4EBF56B128CE89C600FA0434 /* ViewModel */,
			);
			path = Posts;
			sourceTree = "<group>";
		};
		4EBF56B128CE89C600FA0434 /* ViewModel */ = {
			isa = PBXGroup;
			children = (
			);
			path = ViewModel;
			sourceTree = "<group>";
		};
		4EBF56B228CE89CE00FA0434 /* View */ = {
			isa = PBXGroup;
			children = (
			);
			path = View;
			sourceTree = "<group>";
		};
		4EBF56B428CE89DB00FA0434 /* ViewModel */ = {
			isa = PBXGroup;
			children = (
				4E8C83F328CEC1C800896290 /* UserViewModel.swift */,
			);
			path = ViewModel;
			sourceTree = "<group>";
		};
		4EBF56B528CE89E100FA0434 /* View */ = {
			isa = PBXGroup;
			children = (
				4EBF567128CE85E500FA0434 /* ViewController.swift */,
				4EBF56B628CE8A2A00FA0434 /* Cells */,
			);
			path = View;
			sourceTree = "<group>";
		};
		4EBF56B628CE8A2A00FA0434 /* Cells */ = {
			isa = PBXGroup;
			children = (
				4E3A7C0E28CED213000A5F9D /* UserTableViewCell.xib */,
				4E3A7C1028CEF6E3000A5F9D /* UserTableViewCell.swift */,
			);
			path = Cells;
			sourceTree = "<group>";
		};
		4EBF56B828CE8B6600FA0434 /* Resources */ = {
			isa = PBXGroup;
			children = (
				4EBF567928CE85E600FA0434 /* Assets.xcassets */,
				4EBF567E28CE85E600FA0434 /* Info.plist */,
			);
			path = Resources;
			sourceTree = "<group>";
		};
		4EBF56B928CE8CE100FA0434 /* Base */ = {
			isa = PBXGroup;
			children = (
				4EBF566D28CE85E500FA0434 /* AppDelegate.swift */,
				4E3A7C0C28CECBD7000A5F9D /* SceneDelegate.swift */,
			);
			path = Base;
			sourceTree = "<group>";
		};
		4EBF56BA28CE8DAA00FA0434 /* Services */ = {
			isa = PBXGroup;
			children = (
				4EBF56C528CE912F00FA0434 /* Parsers */,
				4EBF56C328CE90B200FA0434 /* ServiceObjects */,
				4EBF56BB28CE8E1900FA0434 /* Manager */,
			);
			path = Services;
			sourceTree = "<group>";
		};
		4EBF56BB28CE8E1900FA0434 /* Manager */ = {
			isa = PBXGroup;
			children = (
				4EBF56BF28CE8E8700FA0434 /* ServiceManager.swift */,
			);
			path = Manager;
			sourceTree = "<group>";
		};
		4EBF56BC28CE8E2E00FA0434 /* Models */ = {
			isa = PBXGroup;
			children = (
				4E8C83D828CE932D00896290 /* UserModel.swift */,
				4E8C83DA28CE935D00896290 /* AddressModel.swift */,
				4E8C83DC28CE937B00896290 /* GeoModel.swift */,
				4E8C83DF28CE93A500896290 /* CompanyModel.swift */,
				4E8C83E228CE93FF00896290 /* PostModel.swift */,
			);
			path = Models;
			sourceTree = "<group>";
		};
		4EBF56C328CE90B200FA0434 /* ServiceObjects */ = {
			isa = PBXGroup;
			children = (
				4EBF56C128CE8E9800FA0434 /* BaseService.swift */,
				4E8C83EB28CEA57E00896290 /* UserService.swift */,
			);
			path = ServiceObjects;
			sourceTree = "<group>";
		};
		4EBF56C528CE912F00FA0434 /* Parsers */ = {
			isa = PBXGroup;
			children = (
				4E8C83EF28CEBEE000896290 /* UserParser.swift */,
			);
			path = Parsers;
			sourceTree = "<group>";
		};
/* End PBXGroup section */

/* Begin PBXNativeTarget section */
		4EBF566928CE85E500FA0434 /* userTest */ = {
			isa = PBXNativeTarget;
			buildConfigurationList = 4EBF569728CE85E600FA0434 /* Build configuration list for PBXNativeTarget "userTest" */;
			buildPhases = (
				4EBF566628CE85E500FA0434 /* Sources */,
				4EBF566728CE85E500FA0434 /* Frameworks */,
				4EBF566828CE85E500FA0434 /* Resources */,
			);
			buildRules = (
			);
			dependencies = (
			);
			name = userTest;
			packageProductDependencies = (
				4E8C83D628CE92AE00896290 /* Alamofire */,
				4E3A7C0A28CECBAC000A5F9D /* Alamofire */,
			);
			productName = userTest;
			productReference = 4EBF566A28CE85E500FA0434 /* userTest.app */;
			productType = "com.apple.product-type.application";
		};
		4EBF568228CE85E600FA0434 /* userTestTests */ = {
			isa = PBXNativeTarget;
			buildConfigurationList = 4EBF569A28CE85E600FA0434 /* Build configuration list for PBXNativeTarget "userTestTests" */;
			buildPhases = (
				4EBF567F28CE85E600FA0434 /* Sources */,
				4EBF568028CE85E600FA0434 /* Frameworks */,
				4EBF568128CE85E600FA0434 /* Resources */,
			);
			buildRules = (
			);
			dependencies = (
				4EBF568528CE85E600FA0434 /* PBXTargetDependency */,
			);
			name = userTestTests;
			productName = userTestTests;
			productReference = 4EBF568328CE85E600FA0434 /* userTestTests.xctest */;
			productType = "com.apple.product-type.bundle.unit-test";
		};
		4EBF568C28CE85E600FA0434 /* userTestUITests */ = {
			isa = PBXNativeTarget;
			buildConfigurationList = 4EBF569D28CE85E600FA0434 /* Build configuration list for PBXNativeTarget "userTestUITests" */;
			buildPhases = (
				4EBF568928CE85E600FA0434 /* Sources */,
				4EBF568A28CE85E600FA0434 /* Frameworks */,
				4EBF568B28CE85E600FA0434 /* Resources */,
			);
			buildRules = (
			);
			dependencies = (
				4EBF568F28CE85E600FA0434 /* PBXTargetDependency */,
			);
			name = userTestUITests;
			productName = userTestUITests;
			productReference = 4EBF568D28CE85E600FA0434 /* userTestUITests.xctest */;
			productType = "com.apple.product-type.bundle.ui-testing";
		};
/* End PBXNativeTarget section */

/* Begin PBXProject section */
		4EBF566228CE85E500FA0434 /* Project object */ = {
			isa = PBXProject;
			attributes = {
				BuildIndependentTargetsInParallel = 1;
				LastSwiftUpdateCheck = 1340;
				LastUpgradeCheck = 1340;
				TargetAttributes = {
					4EBF566928CE85E500FA0434 = {
						CreatedOnToolsVersion = 13.4.1;
					};
					4EBF568228CE85E600FA0434 = {
						CreatedOnToolsVersion = 13.4.1;
						TestTargetID = 4EBF566928CE85E500FA0434;
					};
					4EBF568C28CE85E600FA0434 = {
						CreatedOnToolsVersion = 13.4.1;
						TestTargetID = 4EBF566928CE85E500FA0434;
					};
				};
			};
			buildConfigurationList = 4EBF566528CE85E500FA0434 /* Build configuration list for PBXProject "userTest" */;
			compatibilityVersion = "Xcode 13.0";
			developmentRegion = en;
			hasScannedForEncodings = 0;
			knownRegions = (
				en,
				Base,
			);
			mainGroup = 4EBF566128CE85E500FA0434;
			packageReferences = (
				4E8C83D528CE92AE00896290 /* XCRemoteSwiftPackageReference "Alamofire" */,
				4E3A7C0928CECBAC000A5F9D /* XCRemoteSwiftPackageReference "Alamofire" */,
			);
			productRefGroup = 4EBF566B28CE85E500FA0434 /* Products */;
			projectDirPath = "";
			projectRoot = "";
			targets = (
				4EBF566928CE85E500FA0434 /* userTest */,
				4EBF568228CE85E600FA0434 /* userTestTests */,
				4EBF568C28CE85E600FA0434 /* userTestUITests */,
			);
		};
/* End PBXProject section */

/* Begin PBXResourcesBuildPhase section */
		4EBF566828CE85E500FA0434 /* Resources */ = {
			isa = PBXResourcesBuildPhase;
			buildActionMask = 2147483647;
			files = (
				4E3A7C0F28CED213000A5F9D /* UserTableViewCell.xib in Resources */,
				4EBF567D28CE85E600FA0434 /* LaunchScreen.storyboard in Resources */,
				4EBF567A28CE85E600FA0434 /* Assets.xcassets in Resources */,
				4EBF567528CE85E500FA0434 /* Main.storyboard in Resources */,
			);
			runOnlyForDeploymentPostprocessing = 0;
		};
		4EBF568128CE85E600FA0434 /* Resources */ = {
			isa = PBXResourcesBuildPhase;
			buildActionMask = 2147483647;
			files = (
			);
			runOnlyForDeploymentPostprocessing = 0;
		};
		4EBF568B28CE85E600FA0434 /* Resources */ = {
			isa = PBXResourcesBuildPhase;
			buildActionMask = 2147483647;
			files = (
			);
			runOnlyForDeploymentPostprocessing = 0;
		};
/* End PBXResourcesBuildPhase section */

/* Begin PBXSourcesBuildPhase section */
		4EBF566628CE85E500FA0434 /* Sources */ = {
			isa = PBXSourcesBuildPhase;
			buildActionMask = 2147483647;
			files = (
				4E3A7C1428CEF7DA000A5F9D /* ViewExtension.swift in Sources */,
				4E8C83EC28CEA57E00896290 /* UserService.swift in Sources */,
				4E8C83F028CEBEE000896290 /* UserParser.swift in Sources */,
				4EBF56C228CE8E9800FA0434 /* BaseService.swift in Sources */,
				4EBF56AC28CE896000FA0434 /* ManagedObjectExtension.swift in Sources */,
				4E8C83DB28CE935D00896290 /* AddressModel.swift in Sources */,
				4E8C83DD28CE937B00896290 /* GeoModel.swift in Sources */,
				4E4DBB2E28CF95BA0098F014 /* LiveData.swift in Sources */,
				4EBF567828CE85E500FA0434 /* userTest.xcdatamodeld in Sources */,
				4E3A7C0D28CECBD8000A5F9D /* SceneDelegate.swift in Sources */,
				4E8C83E328CE93FF00896290 /* PostModel.swift in Sources */,
				4EBF567228CE85E500FA0434 /* ViewController.swift in Sources */,
				4E8C83F428CEC1C800896290 /* UserViewModel.swift in Sources */,
				4EBF566E28CE85E500FA0434 /* AppDelegate.swift in Sources */,
				4EBF56C028CE8E8700FA0434 /* ServiceManager.swift in Sources */,
				4E8C83D928CE932D00896290 /* UserModel.swift in Sources */,
				4E3A7C1128CEF6E3000A5F9D /* UserTableViewCell.swift in Sources */,
				4EBF56A228CE879100FA0434 /* DataBaseManager.swift in Sources */,
				4E4DBB2C28CF8AA20098F014 /* TableViewExtension.swift in Sources */,
				4E8C83E028CE93A500896290 /* CompanyModel.swift in Sources */,
			);
			runOnlyForDeploymentPostprocessing = 0;
		};
		4EBF567F28CE85E600FA0434 /* Sources */ = {
			isa = PBXSourcesBuildPhase;
			buildActionMask = 2147483647;
			files = (
				4EBF568828CE85E600FA0434 /* userTestTests.swift in Sources */,
			);
			runOnlyForDeploymentPostprocessing = 0;
		};
		4EBF568928CE85E600FA0434 /* Sources */ = {
			isa = PBXSourcesBuildPhase;
			buildActionMask = 2147483647;
			files = (
				4EBF569428CE85E600FA0434 /* userTestUITestsLaunchTests.swift in Sources */,
				4EBF569228CE85E600FA0434 /* userTestUITests.swift in Sources */,
			);
			runOnlyForDeploymentPostprocessing = 0;
		};
/* End PBXSourcesBuildPhase section */

/* Begin PBXTargetDependency section */
		4EBF568528CE85E600FA0434 /* PBXTargetDependency */ = {
			isa = PBXTargetDependency;
			target = 4EBF566928CE85E500FA0434 /* userTest */;
			targetProxy = 4EBF568428CE85E600FA0434 /* PBXContainerItemProxy */;
		};
		4EBF568F28CE85E600FA0434 /* PBXTargetDependency */ = {
			isa = PBXTargetDependency;
			target = 4EBF566928CE85E500FA0434 /* userTest */;
			targetProxy = 4EBF568E28CE85E600FA0434 /* PBXContainerItemProxy */;
		};
/* End PBXTargetDependency section */

/* Begin PBXVariantGroup section */
		4EBF567328CE85E500FA0434 /* Main.storyboard */ = {
			isa = PBXVariantGroup;
			children = (
				4EBF567428CE85E500FA0434 /* Base */,
			);
			name = Main.storyboard;
			sourceTree = "<group>";
		};
		4EBF567B28CE85E600FA0434 /* LaunchScreen.storyboard */ = {
			isa = PBXVariantGroup;
			children = (
				4EBF567C28CE85E600FA0434 /* Base */,
			);
			name = LaunchScreen.storyboard;
			sourceTree = "<group>";
		};
/* End PBXVariantGroup section */

/* Begin XCBuildConfiguration section */
		4EBF569528CE85E600FA0434 /* Debug */ = {
			isa = XCBuildConfiguration;
			buildSettings = {
				ALWAYS_SEARCH_USER_PATHS = NO;
				CLANG_ANALYZER_NONNULL = YES;
				CLANG_ANALYZER_NUMBER_OBJECT_CONVERSION = YES_AGGRESSIVE;
				CLANG_CXX_LANGUAGE_STANDARD = "gnu++17";
				CLANG_ENABLE_MODULES = YES;
				CLANG_ENABLE_OBJC_ARC = YES;
				CLANG_ENABLE_OBJC_WEAK = YES;
				CLANG_WARN_BLOCK_CAPTURE_AUTORELEASING = YES;
				CLANG_WARN_BOOL_CONVERSION = YES;
				CLANG_WARN_COMMA = YES;
				CLANG_WARN_CONSTANT_CONVERSION = YES;
				CLANG_WARN_DEPRECATED_OBJC_IMPLEMENTATIONS = YES;
				CLANG_WARN_DIRECT_OBJC_ISA_USAGE = YES_ERROR;
				CLANG_WARN_DOCUMENTATION_COMMENTS = YES;
				CLANG_WARN_EMPTY_BODY = YES;
				CLANG_WARN_ENUM_CONVERSION = YES;
				CLANG_WARN_INFINITE_RECURSION = YES;
				CLANG_WARN_INT_CONVERSION = YES;
				CLANG_WARN_NON_LITERAL_NULL_CONVERSION = YES;
				CLANG_WARN_OBJC_IMPLICIT_RETAIN_SELF = YES;
				CLANG_WARN_OBJC_LITERAL_CONVERSION = YES;
				CLANG_WARN_OBJC_ROOT_CLASS = YES_ERROR;
				CLANG_WARN_QUOTED_INCLUDE_IN_FRAMEWORK_HEADER = YES;
				CLANG_WARN_RANGE_LOOP_ANALYSIS = YES;
				CLANG_WARN_STRICT_PROTOTYPES = YES;
				CLANG_WARN_SUSPICIOUS_MOVE = YES;
				CLANG_WARN_UNGUARDED_AVAILABILITY = YES_AGGRESSIVE;
				CLANG_WARN_UNREACHABLE_CODE = YES;
				CLANG_WARN__DUPLICATE_METHOD_MATCH = YES;
				COPY_PHASE_STRIP = NO;
				DEBUG_INFORMATION_FORMAT = dwarf;
				ENABLE_STRICT_OBJC_MSGSEND = YES;
				ENABLE_TESTABILITY = YES;
				GCC_C_LANGUAGE_STANDARD = gnu11;
				GCC_DYNAMIC_NO_PIC = NO;
				GCC_NO_COMMON_BLOCKS = YES;
				GCC_OPTIMIZATION_LEVEL = 0;
				GCC_PREPROCESSOR_DEFINITIONS = (
					"DEBUG=1",
					"$(inherited)",
				);
				GCC_WARN_64_TO_32_BIT_CONVERSION = YES;
				GCC_WARN_ABOUT_RETURN_TYPE = YES_ERROR;
				GCC_WARN_UNDECLARED_SELECTOR = YES;
				GCC_WARN_UNINITIALIZED_AUTOS = YES_AGGRESSIVE;
				GCC_WARN_UNUSED_FUNCTION = YES;
				GCC_WARN_UNUSED_VARIABLE = YES;
				IPHONEOS_DEPLOYMENT_TARGET = 15.5;
				MTL_ENABLE_DEBUG_INFO = INCLUDE_SOURCE;
				MTL_FAST_MATH = YES;
				ONLY_ACTIVE_ARCH = YES;
				SDKROOT = iphoneos;
				SWIFT_ACTIVE_COMPILATION_CONDITIONS = DEBUG;
				SWIFT_OPTIMIZATION_LEVEL = "-Onone";
			};
			name = Debug;
		};
		4EBF569628CE85E600FA0434 /* Release */ = {
			isa = XCBuildConfiguration;
			buildSettings = {
				ALWAYS_SEARCH_USER_PATHS = NO;
				CLANG_ANALYZER_NONNULL = YES;
				CLANG_ANALYZER_NUMBER_OBJECT_CONVERSION = YES_AGGRESSIVE;
				CLANG_CXX_LANGUAGE_STANDARD = "gnu++17";
				CLANG_ENABLE_MODULES = YES;
				CLANG_ENABLE_OBJC_ARC = YES;
				CLANG_ENABLE_OBJC_WEAK = YES;
				CLANG_WARN_BLOCK_CAPTURE_AUTORELEASING = YES;
				CLANG_WARN_BOOL_CONVERSION = YES;
				CLANG_WARN_COMMA = YES;
				CLANG_WARN_CONSTANT_CONVERSION = YES;
				CLANG_WARN_DEPRECATED_OBJC_IMPLEMENTATIONS = YES;
				CLANG_WARN_DIRECT_OBJC_ISA_USAGE = YES_ERROR;
				CLANG_WARN_DOCUMENTATION_COMMENTS = YES;
				CLANG_WARN_EMPTY_BODY = YES;
				CLANG_WARN_ENUM_CONVERSION = YES;
				CLANG_WARN_INFINITE_RECURSION = YES;
				CLANG_WARN_INT_CONVERSION = YES;
				CLANG_WARN_NON_LITERAL_NULL_CONVERSION = YES;
				CLANG_WARN_OBJC_IMPLICIT_RETAIN_SELF = YES;
				CLANG_WARN_OBJC_LITERAL_CONVERSION = YES;
				CLANG_WARN_OBJC_ROOT_CLASS = YES_ERROR;
				CLANG_WARN_QUOTED_INCLUDE_IN_FRAMEWORK_HEADER = YES;
				CLANG_WARN_RANGE_LOOP_ANALYSIS = YES;
				CLANG_WARN_STRICT_PROTOTYPES = YES;
				CLANG_WARN_SUSPICIOUS_MOVE = YES;
				CLANG_WARN_UNGUARDED_AVAILABILITY = YES_AGGRESSIVE;
				CLANG_WARN_UNREACHABLE_CODE = YES;
				CLANG_WARN__DUPLICATE_METHOD_MATCH = YES;
				COPY_PHASE_STRIP = NO;
				DEBUG_INFORMATION_FORMAT = "dwarf-with-dsym";
				ENABLE_NS_ASSERTIONS = NO;
				ENABLE_STRICT_OBJC_MSGSEND = YES;
				GCC_C_LANGUAGE_STANDARD = gnu11;
				GCC_NO_COMMON_BLOCKS = YES;
				GCC_WARN_64_TO_32_BIT_CONVERSION = YES;
				GCC_WARN_ABOUT_RETURN_TYPE = YES_ERROR;
				GCC_WARN_UNDECLARED_SELECTOR = YES;
				GCC_WARN_UNINITIALIZED_AUTOS = YES_AGGRESSIVE;
				GCC_WARN_UNUSED_FUNCTION = YES;
				GCC_WARN_UNUSED_VARIABLE = YES;
				IPHONEOS_DEPLOYMENT_TARGET = 15.5;
				MTL_ENABLE_DEBUG_INFO = NO;
				MTL_FAST_MATH = YES;
				SDKROOT = iphoneos;
				SWIFT_COMPILATION_MODE = wholemodule;
				SWIFT_OPTIMIZATION_LEVEL = "-O";
				VALIDATE_PRODUCT = YES;
			};
			name = Release;
		};
		4EBF569828CE85E600FA0434 /* Debug */ = {
			isa = XCBuildConfiguration;
			buildSettings = {
				ASSETCATALOG_COMPILER_APPICON_NAME = AppIcon;
				ASSETCATALOG_COMPILER_GLOBAL_ACCENT_COLOR_NAME = AccentColor;
				CODE_SIGN_STYLE = Automatic;
				CURRENT_PROJECT_VERSION = 1;
				DEVELOPMENT_TEAM = N4779AW357;
				GENERATE_INFOPLIST_FILE = YES;
				INFOPLIST_FILE = userTest/Info.plist;
				INFOPLIST_KEY_UIApplicationSupportsIndirectInputEvents = YES;
				INFOPLIST_KEY_UILaunchStoryboardName = LaunchScreen;
				INFOPLIST_KEY_UIMainStoryboardFile = Main;
				INFOPLIST_KEY_UISupportedInterfaceOrientations_iPad = "UIInterfaceOrientationPortrait UIInterfaceOrientationPortraitUpsideDown UIInterfaceOrientationLandscapeLeft UIInterfaceOrientationLandscapeRight";
				INFOPLIST_KEY_UISupportedInterfaceOrientations_iPhone = "UIInterfaceOrientationPortrait UIInterfaceOrientationLandscapeLeft UIInterfaceOrientationLandscapeRight";
				LD_RUNPATH_SEARCH_PATHS = (
					"$(inherited)",
					"@executable_path/Frameworks",
				);
				MARKETING_VERSION = 1.0;
				PRODUCT_BUNDLE_IDENTIFIER = ycb.apps.exampleUser;
				PRODUCT_NAME = "$(TARGET_NAME)";
				SWIFT_EMIT_LOC_STRINGS = YES;
				SWIFT_VERSION = 5.0;
				TARGETED_DEVICE_FAMILY = "1,2";
			};
			name = Debug;
		};
		4EBF569928CE85E600FA0434 /* Release */ = {
			isa = XCBuildConfiguration;
			buildSettings = {
				ASSETCATALOG_COMPILER_APPICON_NAME = AppIcon;
				ASSETCATALOG_COMPILER_GLOBAL_ACCENT_COLOR_NAME = AccentColor;
				CODE_SIGN_STYLE = Automatic;
				CURRENT_PROJECT_VERSION = 1;
				DEVELOPMENT_TEAM = N4779AW357;
				GENERATE_INFOPLIST_FILE = YES;
				INFOPLIST_FILE = userTest/Info.plist;
				INFOPLIST_KEY_UIApplicationSupportsIndirectInputEvents = YES;
				INFOPLIST_KEY_UILaunchStoryboardName = LaunchScreen;
				INFOPLIST_KEY_UIMainStoryboardFile = Main;
				INFOPLIST_KEY_UISupportedInterfaceOrientations_iPad = "UIInterfaceOrientationPortrait UIInterfaceOrientationPortraitUpsideDown UIInterfaceOrientationLandscapeLeft UIInterfaceOrientationLandscapeRight";
				INFOPLIST_KEY_UISupportedInterfaceOrientations_iPhone = "UIInterfaceOrientationPortrait UIInterfaceOrientationLandscapeLeft UIInterfaceOrientationLandscapeRight";
				LD_RUNPATH_SEARCH_PATHS = (
					"$(inherited)",
					"@executable_path/Frameworks",
				);
				MARKETING_VERSION = 1.0;
				PRODUCT_BUNDLE_IDENTIFIER = ycb.apps.exampleUser;
				PRODUCT_NAME = "$(TARGET_NAME)";
				SWIFT_EMIT_LOC_STRINGS = YES;
				SWIFT_VERSION = 5.0;
				TARGETED_DEVICE_FAMILY = "1,2";
			};
			name = Release;
		};
		4EBF569B28CE85E600FA0434 /* Debug */ = {
			isa = XCBuildConfiguration;
			buildSettings = {
				ALWAYS_EMBED_SWIFT_STANDARD_LIBRARIES = YES;
				BUNDLE_LOADER = "$(TEST_HOST)";
				CODE_SIGN_STYLE = Automatic;
				CURRENT_PROJECT_VERSION = 1;
				DEVELOPMENT_TEAM = 5F9X64LUM2;
				GENERATE_INFOPLIST_FILE = YES;
				IPHONEOS_DEPLOYMENT_TARGET = 15.5;
				MARKETING_VERSION = 1.0;
				PRODUCT_BUNDLE_IDENTIFIER = ycb.apps.userTestTests;
				PRODUCT_NAME = "$(TARGET_NAME)";
				SWIFT_EMIT_LOC_STRINGS = NO;
				SWIFT_VERSION = 5.0;
				TARGETED_DEVICE_FAMILY = "1,2";
				TEST_HOST = "$(BUILT_PRODUCTS_DIR)/userTest.app/userTest";
			};
			name = Debug;
		};
		4EBF569C28CE85E600FA0434 /* Release */ = {
			isa = XCBuildConfiguration;
			buildSettings = {
				ALWAYS_EMBED_SWIFT_STANDARD_LIBRARIES = YES;
				BUNDLE_LOADER = "$(TEST_HOST)";
				CODE_SIGN_STYLE = Automatic;
				CURRENT_PROJECT_VERSION = 1;
				DEVELOPMENT_TEAM = 5F9X64LUM2;
				GENERATE_INFOPLIST_FILE = YES;
				IPHONEOS_DEPLOYMENT_TARGET = 15.5;
				MARKETING_VERSION = 1.0;
				PRODUCT_BUNDLE_IDENTIFIER = ycb.apps.userTestTests;
				PRODUCT_NAME = "$(TARGET_NAME)";
				SWIFT_EMIT_LOC_STRINGS = NO;
				SWIFT_VERSION = 5.0;
				TARGETED_DEVICE_FAMILY = "1,2";
				TEST_HOST = "$(BUILT_PRODUCTS_DIR)/userTest.app/userTest";
			};
			name = Release;
		};
		4EBF569E28CE85E600FA0434 /* Debug */ = {
			isa = XCBuildConfiguration;
			buildSettings = {
				ALWAYS_EMBED_SWIFT_STANDARD_LIBRARIES = YES;
				"CODE_SIGN_IDENTITY[sdk=macosx*]" = "Apple Development";
				CODE_SIGN_STYLE = Automatic;
				CURRENT_PROJECT_VERSION = 1;
				DEVELOPMENT_TEAM = 5F9X64LUM2;
				GENERATE_INFOPLIST_FILE = YES;
				MARKETING_VERSION = 1.0;
				PRODUCT_BUNDLE_IDENTIFIER = ycb.apps.userTestUITests;
				PRODUCT_NAME = "$(TARGET_NAME)";
				SWIFT_EMIT_LOC_STRINGS = NO;
				SWIFT_VERSION = 5.0;
				TARGETED_DEVICE_FAMILY = "1,2";
				TEST_TARGET_NAME = userTest;
			};
			name = Debug;
		};
		4EBF569F28CE85E600FA0434 /* Release */ = {
			isa = XCBuildConfiguration;
			buildSettings = {
				ALWAYS_EMBED_SWIFT_STANDARD_LIBRARIES = YES;
				"CODE_SIGN_IDENTITY[sdk=macosx*]" = "Apple Development";
				CODE_SIGN_STYLE = Automatic;
				CURRENT_PROJECT_VERSION = 1;
				DEVELOPMENT_TEAM = 5F9X64LUM2;
				GENERATE_INFOPLIST_FILE = YES;
				MARKETING_VERSION = 1.0;
				PRODUCT_BUNDLE_IDENTIFIER = ycb.apps.userTestUITests;
				PRODUCT_NAME = "$(TARGET_NAME)";
				SWIFT_EMIT_LOC_STRINGS = NO;
				SWIFT_VERSION = 5.0;
				TARGETED_DEVICE_FAMILY = "1,2";
				TEST_TARGET_NAME = userTest;
			};
			name = Release;
		};
/* End XCBuildConfiguration section */

/* Begin XCConfigurationList section */
		4EBF566528CE85E500FA0434 /* Build configuration list for PBXProject "userTest" */ = {
			isa = XCConfigurationList;
			buildConfigurations = (
				4EBF569528CE85E600FA0434 /* Debug */,
				4EBF569628CE85E600FA0434 /* Release */,
			);
			defaultConfigurationIsVisible = 0;
			defaultConfigurationName = Release;
		};
		4EBF569728CE85E600FA0434 /* Build configuration list for PBXNativeTarget "userTest" */ = {
			isa = XCConfigurationList;
			buildConfigurations = (
				4EBF569828CE85E600FA0434 /* Debug */,
				4EBF569928CE85E600FA0434 /* Release */,
			);
			defaultConfigurationIsVisible = 0;
			defaultConfigurationName = Release;
		};
		4EBF569A28CE85E600FA0434 /* Build configuration list for PBXNativeTarget "userTestTests" */ = {
			isa = XCConfigurationList;
			buildConfigurations = (
				4EBF569B28CE85E600FA0434 /* Debug */,
				4EBF569C28CE85E600FA0434 /* Release */,
			);
			defaultConfigurationIsVisible = 0;
			defaultConfigurationName = Release;
		};
		4EBF569D28CE85E600FA0434 /* Build configuration list for PBXNativeTarget "userTestUITests" */ = {
			isa = XCConfigurationList;
			buildConfigurations = (
				4EBF569E28CE85E600FA0434 /* Debug */,
				4EBF569F28CE85E600FA0434 /* Release */,
			);
			defaultConfigurationIsVisible = 0;
			defaultConfigurationName = Release;
		};
/* End XCConfigurationList section */

/* Begin XCRemoteSwiftPackageReference section */
		4E3A7C0928CECBAC000A5F9D /* XCRemoteSwiftPackageReference "Alamofire" */ = {
			isa = XCRemoteSwiftPackageReference;
			repositoryURL = "https://github.com/Alamofire/Alamofire.git";
			requirement = {
				branch = master;
				kind = branch;
			};
		};
		4E8C83D528CE92AE00896290 /* XCRemoteSwiftPackageReference "Alamofire" */ = {
			isa = XCRemoteSwiftPackageReference;
			repositoryURL = "https://github.com/Alamofire/Alamofire.git";
			requirement = {
				branch = master;
				kind = branch;
			};
		};
/* End XCRemoteSwiftPackageReference section */

/* Begin XCSwiftPackageProductDependency section */
		4E3A7C0A28CECBAC000A5F9D /* Alamofire */ = {
			isa = XCSwiftPackageProductDependency;
			package = 4E8C83D528CE92AE00896290 /* XCRemoteSwiftPackageReference "Alamofire" */;
			productName = Alamofire;
		};
		4E8C83D628CE92AE00896290 /* Alamofire */ = {
			isa = XCSwiftPackageProductDependency;
			package = 4E8C83D528CE92AE00896290 /* XCRemoteSwiftPackageReference "Alamofire" */;
			productName = Alamofire;
		};
/* End XCSwiftPackageProductDependency section */

/* Begin XCVersionGroup section */
		4EBF567628CE85E500FA0434 /* userTest.xcdatamodeld */ = {
			isa = XCVersionGroup;
			children = (
				4EBF567728CE85E500FA0434 /* userTest.xcdatamodel */,
			);
			currentVersion = 4EBF567728CE85E500FA0434 /* userTest.xcdatamodel */;
			path = userTest.xcdatamodeld;
			sourceTree = "<group>";
			versionGroupType = wrapper.xcdatamodel;
		};
/* End XCVersionGroup section */
	};
	rootObject = 4EBF566228CE85E500FA0434 /* Project object */;
}
